
Microsoft Visual Studio Solution File, Format Version 12.00
# Visual Studio Version 17
VisualStudioVersion = 17.14.36623.8
MinimumVisualStudioVersion = 10.0.40219.1
Project("{FAE04EC0-301F-11D3-BF4B-00C04F79EFBC}") = "Personalregister", "Personalregister\Personalregister.csproj", "{7EFF8A86-1088-49F6-B92F-ECC394BBC6B1}"
EndProject
Project("{FAE04EC0-301F-11D3-BF4B-00C04F79EFBC}") = "PersonalRegister.Helpers", "PersonalRegister.Helpers\PersonalRegister.Helpers.csproj", "{6DD831FE-EDC8-4166-AE74-186BC4B76BE4}"
EndProject
Project("{FAE04EC0-301F-11D3-BF4B-00C04F79EFBC}") = "PersonalRegister.Abstractions", "PersonalRegister.Abstractions\PersonalRegister.Abstractions.csproj", "{B0B7EA02-16D4-4264-A74B-34093EFE8741}"
EndProject
Global
	GlobalSection(SolutionConfigurationPlatforms) = preSolution
		Debug|Any CPU = Debug|Any CPU
		Release|Any CPU = Release|Any CPU
	EndGlobalSection
	GlobalSection(ProjectConfigurationPlatforms) = postSolution
		{7EFF8A86-1088-49F6-B92F-ECC394BBC6B1}.Debug|Any CPU.ActiveCfg = Debug|Any CPU
		{7EFF8A86-1088-49F6-B92F-ECC394BBC6B1}.Debug|Any CPU.Build.0 = Debug|Any CPU
		{7EFF8A86-1088-49F6-B92F-ECC394BBC6B1}.Release|Any CPU.ActiveCfg = Release|Any CPU
		{7EFF8A86-1088-49F6-B92F-ECC394BBC6B1}.Release|Any CPU.Build.0 = Release|Any CPU
		{6DD831FE-EDC8-4166-AE74-186BC4B76BE4}.Debug|Any CPU.ActiveCfg = Debug|Any CPU
		{6DD831FE-EDC8-4166-AE74-186BC4B76BE4}.Debug|Any CPU.Build.0 = Debug|Any CPU
		{6DD831FE-EDC8-4166-AE74-186BC4B76BE4}.Release|Any CPU.ActiveCfg = Release|Any CPU
		{6DD831FE-EDC8-4166-AE74-186BC4B76BE4}.Release|Any CPU.Build.0 = Release|Any CPU
		{B0B7EA02-16D4-4264-A74B-34093EFE8741}.Debug|Any CPU.ActiveCfg = Debug|Any CPU
		{B0B7EA02-16D4-4264-A74B-34093EFE8741}.Debug|Any CPU.Build.0 = Debug|Any CPU
		{B0B7EA02-16D4-4264-A74B-34093EFE8741}.Release|Any CPU.ActiveCfg = Release|Any CPU
		{B0B7EA02-16D4-4264-A74B-34093EFE8741}.Release|Any CPU.Build.0 = Release|Any CPU
	EndGlobalSection
	GlobalSection(SolutionProperties) = preSolution
		HideSolutionNode = FALSE
	EndGlobalSection
	GlobalSection(ExtensibilityGlobals) = postSolution
		SolutionGuid = {59DD1830-89C6-4597-B1F6-C7839EB5C137}
	EndGlobalSection
EndGlobal
